// !$*UTF8*$!
{
	archiveVersion = 1;
	classes = {
	};
	objectVersion = 50;
	objects = {

/* Begin PBXBuildFile section */
		70F3E24BCCED41EA8E39D508 /* Pods_ProjectSOLID_ProjectSOLIDUITests.framework in Frameworks */ = {isa = PBXBuildFile; fileRef = 2F9F56D99E2B2B8F985A1779 /* Pods_ProjectSOLID_ProjectSOLIDUITests.framework */; };
		B20797C1255258BD008442BF /* AppDelegate.swift in Sources */ = {isa = PBXBuildFile; fileRef = B20797C0255258BD008442BF /* AppDelegate.swift */; };
		B20797C3255258BD008442BF /* SceneDelegate.swift in Sources */ = {isa = PBXBuildFile; fileRef = B20797C2255258BD008442BF /* SceneDelegate.swift */; };
		B20797C5255258BD008442BF /* ContentView.swift in Sources */ = {isa = PBXBuildFile; fileRef = B20797C4255258BD008442BF /* ContentView.swift */; };
		B20797C7255258BE008442BF /* Assets.xcassets in Resources */ = {isa = PBXBuildFile; fileRef = B20797C6255258BE008442BF /* Assets.xcassets */; };
		B20797CA255258BE008442BF /* Preview Assets.xcassets in Resources */ = {isa = PBXBuildFile; fileRef = B20797C9255258BE008442BF /* Preview Assets.xcassets */; };
		B20797CD255258BE008442BF /* LaunchScreen.storyboard in Resources */ = {isa = PBXBuildFile; fileRef = B20797CB255258BE008442BF /* LaunchScreen.storyboard */; };
		B20797D8255258BE008442BF /* ProjectSOLIDTests.swift in Sources */ = {isa = PBXBuildFile; fileRef = B20797D7255258BE008442BF /* ProjectSOLIDTests.swift */; };
		B20797E3255258BE008442BF /* ProjectSOLIDUITests.swift in Sources */ = {isa = PBXBuildFile; fileRef = B20797E2255258BE008442BF /* ProjectSOLIDUITests.swift */; };
		C9B0A4D7E596629BD22FC4F8 /* Pods_ProjectSOLID.framework in Frameworks */ = {isa = PBXBuildFile; fileRef = 002D0619EE8595F62E722495 /* Pods_ProjectSOLID.framework */; };
		DAC744F2B96E5904D7E9955F /* Pods_ProjectSOLIDTests.framework in Frameworks */ = {isa = PBXBuildFile; fileRef = 498BDD6391E4095141FEBD79 /* Pods_ProjectSOLIDTests.framework */; };
/* End PBXBuildFile section */

/* Begin PBXContainerItemProxy section */
		B20797D4255258BE008442BF /* PBXContainerItemProxy */ = {
			isa = PBXContainerItemProxy;
			containerPortal = B20797B5255258BD008442BF /* Project object */;
			proxyType = 1;
			remoteGlobalIDString = B20797BC255258BD008442BF;
			remoteInfo = ProjectSOLID;
		};
		B20797DF255258BE008442BF /* PBXContainerItemProxy */ = {
			isa = PBXContainerItemProxy;
			containerPortal = B20797B5255258BD008442BF /* Project object */;
			proxyType = 1;
			remoteGlobalIDString = B20797BC255258BD008442BF;
			remoteInfo = ProjectSOLID;
		};
/* End PBXContainerItemProxy section */

/* Begin PBXFileReference section */
		002D0619EE8595F62E722495 /* Pods_ProjectSOLID.framework */ = {isa = PBXFileReference; explicitFileType = wrapper.framework; includeInIndex = 0; path = Pods_ProjectSOLID.framework; sourceTree = BUILT_PRODUCTS_DIR; };
		2F9F56D99E2B2B8F985A1779 /* Pods_ProjectSOLID_ProjectSOLIDUITests.framework */ = {isa = PBXFileReference; explicitFileType = wrapper.framework; includeInIndex = 0; path = Pods_ProjectSOLID_ProjectSOLIDUITests.framework; sourceTree = BUILT_PRODUCTS_DIR; };
		498BDD6391E4095141FEBD79 /* Pods_ProjectSOLIDTests.framework */ = {isa = PBXFileReference; explicitFileType = wrapper.framework; includeInIndex = 0; path = Pods_ProjectSOLIDTests.framework; sourceTree = BUILT_PRODUCTS_DIR; };
		594B3BF389B1905B11D7CBC6 /* Pods-ProjectSOLID.debug.xcconfig */ = {isa = PBXFileReference; includeInIndex = 1; lastKnownFileType = text.xcconfig; name = "Pods-ProjectSOLID.debug.xcconfig"; path = "Target Support Files/Pods-ProjectSOLID/Pods-ProjectSOLID.debug.xcconfig"; sourceTree = "<group>"; };
		77A74AF3AB765DE2F94AAD4E /* Pods-ProjectSOLIDTests.release.xcconfig */ = {isa = PBXFileReference; includeInIndex = 1; lastKnownFileType = text.xcconfig; name = "Pods-ProjectSOLIDTests.release.xcconfig"; path = "Target Support Files/Pods-ProjectSOLIDTests/Pods-ProjectSOLIDTests.release.xcconfig"; sourceTree = "<group>"; };
		9407F895FA787C42097509F8 /* Pods-ProjectSOLIDTests.debug.xcconfig */ = {isa = PBXFileReference; includeInIndex = 1; lastKnownFileType = text.xcconfig; name = "Pods-ProjectSOLIDTests.debug.xcconfig"; path = "Target Support Files/Pods-ProjectSOLIDTests/Pods-ProjectSOLIDTests.debug.xcconfig"; sourceTree = "<group>"; };
		A69932D6F5BB2EEE3EADA31B /* Pods-ProjectSOLID-ProjectSOLIDUITests.debug.xcconfig */ = {isa = PBXFileReference; includeInIndex = 1; lastKnownFileType = text.xcconfig; name = "Pods-ProjectSOLID-ProjectSOLIDUITests.debug.xcconfig"; path = "Target Support Files/Pods-ProjectSOLID-ProjectSOLIDUITests/Pods-ProjectSOLID-ProjectSOLIDUITests.debug.xcconfig"; sourceTree = "<group>"; };
		B0D951711CAA1B91A6FAD42E /* Pods-ProjectSOLID-ProjectSOLIDUITests.release.xcconfig */ = {isa = PBXFileReference; includeInIndex = 1; lastKnownFileType = text.xcconfig; name = "Pods-ProjectSOLID-ProjectSOLIDUITests.release.xcconfig"; path = "Target Support Files/Pods-ProjectSOLID-ProjectSOLIDUITests/Pods-ProjectSOLID-ProjectSOLIDUITests.release.xcconfig"; sourceTree = "<group>"; };
		B20797BD255258BD008442BF /* ProjectSOLID.app */ = {isa = PBXFileReference; explicitFileType = wrapper.application; includeInIndex = 0; path = ProjectSOLID.app; sourceTree = BUILT_PRODUCTS_DIR; };
		B20797C0255258BD008442BF /* AppDelegate.swift */ = {isa = PBXFileReference; lastKnownFileType = sourcecode.swift; path = AppDelegate.swift; sourceTree = "<group>"; };
		B20797C2255258BD008442BF /* SceneDelegate.swift */ = {isa = PBXFileReference; lastKnownFileType = sourcecode.swift; path = SceneDelegate.swift; sourceTree = "<group>"; };
		B20797C4255258BD008442BF /* ContentView.swift */ = {isa = PBXFileReference; lastKnownFileType = sourcecode.swift; path = ContentView.swift; sourceTree = "<group>"; };
		B20797C6255258BE008442BF /* Assets.xcassets */ = {isa = PBXFileReference; lastKnownFileType = folder.assetcatalog; path = Assets.xcassets; sourceTree = "<group>"; };
		B20797C9255258BE008442BF /* Preview Assets.xcassets */ = {isa = PBXFileReference; lastKnownFileType = folder.assetcatalog; path = "Preview Assets.xcassets"; sourceTree = "<group>"; };
		B20797CC255258BE008442BF /* Base */ = {isa = PBXFileReference; lastKnownFileType = file.storyboard; name = Base; path = Base.lproj/LaunchScreen.storyboard; sourceTree = "<group>"; };
		B20797CE255258BE008442BF /* Info.plist */ = {isa = PBXFileReference; lastKnownFileType = text.plist.xml; path = Info.plist; sourceTree = "<group>"; };
		B20797D3255258BE008442BF /* ProjectSOLIDTests.xctest */ = {isa = PBXFileReference; explicitFileType = wrapper.cfbundle; includeInIndex = 0; path = ProjectSOLIDTests.xctest; sourceTree = BUILT_PRODUCTS_DIR; };
		B20797D7255258BE008442BF /* ProjectSOLIDTests.swift */ = {isa = PBXFileReference; lastKnownFileType = sourcecode.swift; path = ProjectSOLIDTests.swift; sourceTree = "<group>"; };
		B20797D9255258BE008442BF /* Info.plist */ = {isa = PBXFileReference; lastKnownFileType = text.plist.xml; path = Info.plist; sourceTree = "<group>"; };
		B20797DE255258BE008442BF /* ProjectSOLIDUITests.xctest */ = {isa = PBXFileReference; explicitFileType = wrapper.cfbundle; includeInIndex = 0; path = ProjectSOLIDUITests.xctest; sourceTree = BUILT_PRODUCTS_DIR; };
		B20797E2255258BE008442BF /* ProjectSOLIDUITests.swift */ = {isa = PBXFileReference; lastKnownFileType = sourcecode.swift; path = ProjectSOLIDUITests.swift; sourceTree = "<group>"; };
		B20797E4255258BE008442BF /* Info.plist */ = {isa = PBXFileReference; lastKnownFileType = text.plist.xml; path = Info.plist; sourceTree = "<group>"; };
		EF5546C6CB2CDA0645BED236 /* Pods-ProjectSOLID.release.xcconfig */ = {isa = PBXFileReference; includeInIndex = 1; lastKnownFileType = text.xcconfig; name = "Pods-ProjectSOLID.release.xcconfig"; path = "Target Support Files/Pods-ProjectSOLID/Pods-ProjectSOLID.release.xcconfig"; sourceTree = "<group>"; };
/* End PBXFileReference section */

/* Begin PBXFrameworksBuildPhase section */
		B20797BA255258BD008442BF /* Frameworks */ = {
			isa = PBXFrameworksBuildPhase;
			buildActionMask = 2147483647;
			files = (
				C9B0A4D7E596629BD22FC4F8 /* Pods_ProjectSOLID.framework in Frameworks */,
			);
			runOnlyForDeploymentPostprocessing = 0;
		};
		B20797D0255258BE008442BF /* Frameworks */ = {
			isa = PBXFrameworksBuildPhase;
			buildActionMask = 2147483647;
			files = (
				DAC744F2B96E5904D7E9955F /* Pods_ProjectSOLIDTests.framework in Frameworks */,
			);
			runOnlyForDeploymentPostprocessing = 0;
		};
		B20797DB255258BE008442BF /* Frameworks */ = {
			isa = PBXFrameworksBuildPhase;
			buildActionMask = 2147483647;
			files = (
				70F3E24BCCED41EA8E39D508 /* Pods_ProjectSOLID_ProjectSOLIDUITests.framework in Frameworks */,
			);
			runOnlyForDeploymentPostprocessing = 0;
		};
/* End PBXFrameworksBuildPhase section */

/* Begin PBXGroup section */
		7393C360416B8303FC834600 /* Pods */ = {
			isa = PBXGroup;
			children = (
				594B3BF389B1905B11D7CBC6 /* Pods-ProjectSOLID.debug.xcconfig */,
				EF5546C6CB2CDA0645BED236 /* Pods-ProjectSOLID.release.xcconfig */,
				A69932D6F5BB2EEE3EADA31B /* Pods-ProjectSOLID-ProjectSOLIDUITests.debug.xcconfig */,
				B0D951711CAA1B91A6FAD42E /* Pods-ProjectSOLID-ProjectSOLIDUITests.release.xcconfig */,
				9407F895FA787C42097509F8 /* Pods-ProjectSOLIDTests.debug.xcconfig */,
				77A74AF3AB765DE2F94AAD4E /* Pods-ProjectSOLIDTests.release.xcconfig */,
			);
			name = Pods;
			path = Pods;
			sourceTree = "<group>";
		};
		80091747F494D1F45B69E483 /* Frameworks */ = {
			isa = PBXGroup;
			children = (
				002D0619EE8595F62E722495 /* Pods_ProjectSOLID.framework */,
				2F9F56D99E2B2B8F985A1779 /* Pods_ProjectSOLID_ProjectSOLIDUITests.framework */,
				498BDD6391E4095141FEBD79 /* Pods_ProjectSOLIDTests.framework */,
			);
			name = Frameworks;
			sourceTree = "<group>";
		};
		B20797B4255258BD008442BF = {
			isa = PBXGroup;
			children = (
				B20797BF255258BD008442BF /* ProjectSOLID */,
				B20797D6255258BE008442BF /* ProjectSOLIDTests */,
				B20797E1255258BE008442BF /* ProjectSOLIDUITests */,
				B20797BE255258BD008442BF /* Products */,
				7393C360416B8303FC834600 /* Pods */,
				80091747F494D1F45B69E483 /* Frameworks */,
			);
			sourceTree = "<group>";
		};
		B20797BE255258BD008442BF /* Products */ = {
			isa = PBXGroup;
			children = (
				B20797BD255258BD008442BF /* ProjectSOLID.app */,
				B20797D3255258BE008442BF /* ProjectSOLIDTests.xctest */,
				B20797DE255258BE008442BF /* ProjectSOLIDUITests.xctest */,
			);
			name = Products;
			sourceTree = "<group>";
		};
		B20797BF255258BD008442BF /* ProjectSOLID */ = {
			isa = PBXGroup;
			children = (
				B20797FB25527030008442BF /* ViewModel */,
				B20797C0255258BD008442BF /* AppDelegate.swift */,
				B20797C2255258BD008442BF /* SceneDelegate.swift */,
				B20797C4255258BD008442BF /* ContentView.swift */,
				B20797C6255258BE008442BF /* Assets.xcassets */,
				B20797CB255258BE008442BF /* LaunchScreen.storyboard */,
				B20797CE255258BE008442BF /* Info.plist */,
				B20797C8255258BE008442BF /* Preview Content */,
			);
			path = ProjectSOLID;
			sourceTree = "<group>";
		};
		B20797C8255258BE008442BF /* Preview Content */ = {
			isa = PBXGroup;
			children = (
				B20797C9255258BE008442BF /* Preview Assets.xcassets */,
			);
			path = "Preview Content";
			sourceTree = "<group>";
		};
		B20797D6255258BE008442BF /* ProjectSOLIDTests */ = {
			isa = PBXGroup;
			children = (
				B20797D7255258BE008442BF /* ProjectSOLIDTests.swift */,
				B20797D9255258BE008442BF /* Info.plist */,
			);
			path = ProjectSOLIDTests;
			sourceTree = "<group>";
		};
		B20797E1255258BE008442BF /* ProjectSOLIDUITests */ = {
			isa = PBXGroup;
			children = (
				B20797E2255258BE008442BF /* ProjectSOLIDUITests.swift */,
				B20797E4255258BE008442BF /* Info.plist */,
			);
			path = ProjectSOLIDUITests;
			sourceTree = "<group>";
		};
		B20797FB25527030008442BF /* ViewModel */ = {
			isa = PBXGroup;
			children = (
			);
			path = ViewModel;
			sourceTree = "<group>";
		};
/* End PBXGroup section */

/* Begin PBXNativeTarget section */
		B20797BC255258BD008442BF /* ProjectSOLID */ = {
			isa = PBXNativeTarget;
			buildConfigurationList = B20797E7255258BE008442BF /* Build configuration list for PBXNativeTarget "ProjectSOLID" */;
			buildPhases = (
				71C9C5EB6547215229609DA6 /* [CP] Check Pods Manifest.lock */,
				B20797B9255258BD008442BF /* Sources */,
				B20797BA255258BD008442BF /* Frameworks */,
				B20797BB255258BD008442BF /* Resources */,
			);
			buildRules = (
			);
			dependencies = (
			);
			name = ProjectSOLID;
			productName = ProjectSOLID;
			productReference = B20797BD255258BD008442BF /* ProjectSOLID.app */;
			productType = "com.apple.product-type.application";
		};
		B20797D2255258BE008442BF /* ProjectSOLIDTests */ = {
			isa = PBXNativeTarget;
			buildConfigurationList = B20797EA255258BE008442BF /* Build configuration list for PBXNativeTarget "ProjectSOLIDTests" */;
			buildPhases = (
				C1061F470F2C77B2AFBC5679 /* [CP] Check Pods Manifest.lock */,
				B20797CF255258BE008442BF /* Sources */,
				B20797D0255258BE008442BF /* Frameworks */,
				B20797D1255258BE008442BF /* Resources */,
			);
			buildRules = (
			);
			dependencies = (
				B20797D5255258BE008442BF /* PBXTargetDependency */,
			);
			name = ProjectSOLIDTests;
			productName = ProjectSOLIDTests;
			productReference = B20797D3255258BE008442BF /* ProjectSOLIDTests.xctest */;
			productType = "com.apple.product-type.bundle.unit-test";
		};
		B20797DD255258BE008442BF /* ProjectSOLIDUITests */ = {
			isa = PBXNativeTarget;
			buildConfigurationList = B20797ED255258BE008442BF /* Build configuration list for PBXNativeTarget "ProjectSOLIDUITests" */;
			buildPhases = (
				AEA4B1614F0B47A5C70C7D84 /* [CP] Check Pods Manifest.lock */,
				B20797DA255258BE008442BF /* Sources */,
				B20797DB255258BE008442BF /* Frameworks */,
				B20797DC255258BE008442BF /* Resources */,
			);
			buildRules = (
			);
			dependencies = (
				B20797E0255258BE008442BF /* PBXTargetDependency */,
			);
			name = ProjectSOLIDUITests;
			productName = ProjectSOLIDUITests;
			productReference = B20797DE255258BE008442BF /* ProjectSOLIDUITests.xctest */;
			productType = "com.apple.product-type.bundle.ui-testing";
		};
/* End PBXNativeTarget section */

/* Begin PBXProject section */
		B20797B5255258BD008442BF /* Project object */ = {
			isa = PBXProject;
			attributes = {
				LastSwiftUpdateCheck = 1210;
				LastUpgradeCheck = 1210;
				TargetAttributes = {
					B20797BC255258BD008442BF = {
						CreatedOnToolsVersion = 12.1;
					};
					B20797D2255258BE008442BF = {
						CreatedOnToolsVersion = 12.1;
						TestTargetID = B20797BC255258BD008442BF;
					};
					B20797DD255258BE008442BF = {
						CreatedOnToolsVersion = 12.1;
						TestTargetID = B20797BC255258BD008442BF;
					};
				};
			};
			buildConfigurationList = B20797B8255258BD008442BF /* Build configuration list for PBXProject "ProjectSOLID" */;
			compatibilityVersion = "Xcode 9.3";
			developmentRegion = en;
			hasScannedForEncodings = 0;
			knownRegions = (
				en,
				Base,
			);
			mainGroup = B20797B4255258BD008442BF;
			productRefGroup = B20797BE255258BD008442BF /* Products */;
			projectDirPath = "";
			projectRoot = "";
			targets = (
				B20797BC255258BD008442BF /* ProjectSOLID */,
				B20797D2255258BE008442BF /* ProjectSOLIDTests */,
				B20797DD255258BE008442BF /* ProjectSOLIDUITests */,
			);
		};
/* End PBXProject section */

/* Begin PBXResourcesBuildPhase section */
		B20797BB255258BD008442BF /* Resources */ = {
			isa = PBXResourcesBuildPhase;
			buildActionMask = 2147483647;
			files = (
				B20797CD255258BE008442BF /* LaunchScreen.storyboard in Resources */,
				B20797CA255258BE008442BF /* Preview Assets.xcassets in Resources */,
				B20797C7255258BE008442BF /* Assets.xcassets in Resources */,
			);
			runOnlyForDeploymentPostprocessing = 0;
		};
		B20797D1255258BE008442BF /* Resources */ = {
			isa = PBXResourcesBuildPhase;
			buildActionMask = 2147483647;
			files = (
			);
			runOnlyForDeploymentPostprocessing = 0;
		};
		B20797DC255258BE008442BF /* Resources */ = {
			isa = PBXResourcesBuildPhase;
			buildActionMask = 2147483647;
			files = (
			);
			runOnlyForDeploymentPostprocessing = 0;
		};
/* End PBXResourcesBuildPhase section */

/* Begin PBXShellScriptBuildPhase section */
		71C9C5EB6547215229609DA6 /* [CP] Check Pods Manifest.lock */ = {
			isa = PBXShellScriptBuildPhase;
			buildActionMask = 2147483647;
			files = (
			);
			inputFileListPaths = (
			);
			inputPaths = (
				"${PODS_PODFILE_DIR_PATH}/Podfile.lock",
				"${PODS_ROOT}/Manifest.lock",
			);
			name = "[CP] Check Pods Manifest.lock";
			outputFileListPaths = (
			);
			outputPaths = (
				"$(DERIVED_FILE_DIR)/Pods-ProjectSOLID-checkManifestLockResult.txt",
			);
			runOnlyForDeploymentPostprocessing = 0;
			shellPath = /bin/sh;
			shellScript = "diff \"${PODS_PODFILE_DIR_PATH}/Podfile.lock\" \"${PODS_ROOT}/Manifest.lock\" > /dev/null\nif [ $? != 0 ] ; then\n    # print error to STDERR\n    echo \"error: The sandbox is not in sync with the Podfile.lock. Run 'pod install' or update your CocoaPods installation.\" >&2\n    exit 1\nfi\n# This output is used by Xcode 'outputs' to avoid re-running this script phase.\necho \"SUCCESS\" > \"${SCRIPT_OUTPUT_FILE_0}\"\n";
			showEnvVarsInLog = 0;
		};
		AEA4B1614F0B47A5C70C7D84 /* [CP] Check Pods Manifest.lock */ = {
			isa = PBXShellScriptBuildPhase;
			buildActionMask = 2147483647;
			files = (
			);
			inputFileListPaths = (
			);
			inputPaths = (
				"${PODS_PODFILE_DIR_PATH}/Podfile.lock",
				"${PODS_ROOT}/Manifest.lock",
			);
			name = "[CP] Check Pods Manifest.lock";
			outputFileListPaths = (
			);
			outputPaths = (
				"$(DERIVED_FILE_DIR)/Pods-ProjectSOLID-ProjectSOLIDUITests-checkManifestLockResult.txt",
			);
			runOnlyForDeploymentPostprocessing = 0;
			shellPath = /bin/sh;
			shellScript = "diff \"${PODS_PODFILE_DIR_PATH}/Podfile.lock\" \"${PODS_ROOT}/Manifest.lock\" > /dev/null\nif [ $? != 0 ] ; then\n    # print error to STDERR\n    echo \"error: The sandbox is not in sync with the Podfile.lock. Run 'pod install' or update your CocoaPods installation.\" >&2\n    exit 1\nfi\n# This output is used by Xcode 'outputs' to avoid re-running this script phase.\necho \"SUCCESS\" > \"${SCRIPT_OUTPUT_FILE_0}\"\n";
			showEnvVarsInLog = 0;
		};
		C1061F470F2C77B2AFBC5679 /* [CP] Check Pods Manifest.lock */ = {
			isa = PBXShellScriptBuildPhase;
			buildActionMask = 2147483647;
			files = (
			);
			inputFileListPaths = (
			);
			inputPaths = (
				"${PODS_PODFILE_DIR_PATH}/Podfile.lock",
				"${PODS_ROOT}/Manifest.lock",
			);
			name = "[CP] Check Pods Manifest.lock";
			outputFileListPaths = (
			);
			outputPaths = (
				"$(DERIVED_FILE_DIR)/Pods-ProjectSOLIDTests-checkManifestLockResult.txt",
			);
			runOnlyForDeploymentPostprocessing = 0;
			shellPath = /bin/sh;
			shellScript = "diff \"${PODS_PODFILE_DIR_PATH}/Podfile.lock\" \"${PODS_ROOT}/Manifest.lock\" > /dev/null\nif [ $? != 0 ] ; then\n    # print error to STDERR\n    echo \"error: The sandbox is not in sync with the Podfile.lock. Run 'pod install' or update your CocoaPods installation.\" >&2\n    exit 1\nfi\n# This output is used by Xcode 'outputs' to avoid re-running this script phase.\necho \"SUCCESS\" > \"${SCRIPT_OUTPUT_FILE_0}\"\n";
			showEnvVarsInLog = 0;
		};
/* End PBXShellScriptBuildPhase section */

/* Begin PBXSourcesBuildPhase section */
		B20797B9255258BD008442BF /* Sources */ = {
			isa = PBXSourcesBuildPhase;
			buildActionMask = 2147483647;
			files = (
				B20797C1255258BD008442BF /* AppDelegate.swift in Sources */,
				B20797C3255258BD008442BF /* SceneDelegate.swift in Sources */,
				B20797C5255258BD008442BF /* ContentView.swift in Sources */,
			);
			runOnlyForDeploymentPostprocessing = 0;
		};
		B20797CF255258BE008442BF /* Sources */ = {
			isa = PBXSourcesBuildPhase;
			buildActionMask = 2147483647;
			files = (
				B20797D8255258BE008442BF /* ProjectSOLIDTests.swift in Sources */,
			);
			runOnlyForDeploymentPostprocessing = 0;
		};
		B20797DA255258BE008442BF /* Sources */ = {
			isa = PBXSourcesBuildPhase;
			buildActionMask = 2147483647;
			files = (
				B20797E3255258BE008442BF /* ProjectSOLIDUITests.swift in Sources */,
			);
			runOnlyForDeploymentPostprocessing = 0;
		};
/* End PBXSourcesBuildPhase section */

/* Begin PBXTargetDependency section */
		B20797D5255258BE008442BF /* PBXTargetDependency */ = {
			isa = PBXTargetDependency;
			target = B20797BC255258BD008442BF /* ProjectSOLID */;
			targetProxy = B20797D4255258BE008442BF /* PBXContainerItemProxy */;
		};
		B20797E0255258BE008442BF /* PBXTargetDependency */ = {
			isa = PBXTargetDependency;
			target = B20797BC255258BD008442BF /* ProjectSOLID */;
			targetProxy = B20797DF255258BE008442BF /* PBXContainerItemProxy */;
		};
/* End PBXTargetDependency section */

/* Begin PBXVariantGroup section */
		B20797CB255258BE008442BF /* LaunchScreen.storyboard */ = {
			isa = PBXVariantGroup;
			children = (
				B20797CC255258BE008442BF /* Base */,
			);
			name = LaunchScreen.storyboard;
			sourceTree = "<group>";
		};
/* End PBXVariantGroup section */

/* Begin XCBuildConfiguration section */
		B20797E5255258BE008442BF /* Debug */ = {
			isa = XCBuildConfiguration;
			buildSettings = {
				ALWAYS_SEARCH_USER_PATHS = NO;
				CLANG_ANALYZER_NONNULL = YES;
				CLANG_ANALYZER_NUMBER_OBJECT_CONVERSION = YES_AGGRESSIVE;
				CLANG_CXX_LANGUAGE_STANDARD = "gnu++14";
				CLANG_CXX_LIBRARY = "libc++";
				CLANG_ENABLE_MODULES = YES;
				CLANG_ENABLE_OBJC_ARC = YES;
				CLANG_ENABLE_OBJC_WEAK = YES;
				CLANG_WARN_BLOCK_CAPTURE_AUTORELEASING = YES;
				CLANG_WARN_BOOL_CONVERSION = YES;
				CLANG_WARN_COMMA = YES;
				CLANG_WARN_CONSTANT_CONVERSION = YES;
				CLANG_WARN_DEPRECATED_OBJC_IMPLEMENTATIONS = YES;
				CLANG_WARN_DIRECT_OBJC_ISA_USAGE = YES_ERROR;
				CLANG_WARN_DOCUMENTATION_COMMENTS = YES;
				CLANG_WARN_EMPTY_BODY = YES;
				CLANG_WARN_ENUM_CONVERSION = YES;
				CLANG_WARN_INFINITE_RECURSION = YES;
				CLANG_WARN_INT_CONVERSION = YES;
				CLANG_WARN_NON_LITERAL_NULL_CONVERSION = YES;
				CLANG_WARN_OBJC_IMPLICIT_RETAIN_SELF = YES;
				CLANG_WARN_OBJC_LITERAL_CONVERSION = YES;
				CLANG_WARN_OBJC_ROOT_CLASS = YES_ERROR;
				CLANG_WARN_QUOTED_INCLUDE_IN_FRAMEWORK_HEADER = YES;
				CLANG_WARN_RANGE_LOOP_ANALYSIS = YES;
				CLANG_WARN_STRICT_PROTOTYPES = YES;
				CLANG_WARN_SUSPICIOUS_MOVE = YES;
				CLANG_WARN_UNGUARDED_AVAILABILITY = YES_AGGRESSIVE;
				CLANG_WARN_UNREACHABLE_CODE = YES;
				CLANG_WARN__DUPLICATE_METHOD_MATCH = YES;
				COPY_PHASE_STRIP = NO;
				DEBUG_INFORMATION_FORMAT = dwarf;
				ENABLE_STRICT_OBJC_MSGSEND = YES;
				ENABLE_TESTABILITY = YES;
				GCC_C_LANGUAGE_STANDARD = gnu11;
				GCC_DYNAMIC_NO_PIC = NO;
				GCC_NO_COMMON_BLOCKS = YES;
				GCC_OPTIMIZATION_LEVEL = 0;
				GCC_PREPROCESSOR_DEFINITIONS = (
					"DEBUG=1",
					"$(inherited)",
				);
				GCC_WARN_64_TO_32_BIT_CONVERSION = YES;
				GCC_WARN_ABOUT_RETURN_TYPE = YES_ERROR;
				GCC_WARN_UNDECLARED_SELECTOR = YES;
				GCC_WARN_UNINITIALIZED_AUTOS = YES_AGGRESSIVE;
				GCC_WARN_UNUSED_FUNCTION = YES;
				GCC_WARN_UNUSED_VARIABLE = YES;
				IPHONEOS_DEPLOYMENT_TARGET = 14.1;
				MTL_ENABLE_DEBUG_INFO = INCLUDE_SOURCE;
				MTL_FAST_MATH = YES;
				ONLY_ACTIVE_ARCH = YES;
				SDKROOT = iphoneos;
				SWIFT_ACTIVE_COMPILATION_CONDITIONS = DEBUG;
				SWIFT_OPTIMIZATION_LEVEL = "-Onone";
			};
			name = Debug;
		};
		B20797E6255258BE008442BF /* Release */ = {
			isa = XCBuildConfiguration;
			buildSettings = {
				ALWAYS_SEARCH_USER_PATHS = NO;
				CLANG_ANALYZER_NONNULL = YES;
				CLANG_ANALYZER_NUMBER_OBJECT_CONVERSION = YES_AGGRESSIVE;
				CLANG_CXX_LANGUAGE_STANDARD = "gnu++14";
				CLANG_CXX_LIBRARY = "libc++";
				CLANG_ENABLE_MODULES = YES;
				CLANG_ENABLE_OBJC_ARC = YES;
				CLANG_ENABLE_OBJC_WEAK = YES;
				CLANG_WARN_BLOCK_CAPTURE_AUTORELEASING = YES;
				CLANG_WARN_BOOL_CONVERSION = YES;
				CLANG_WARN_COMMA = YES;
				CLANG_WARN_CONSTANT_CONVERSION = YES;
				CLANG_WARN_DEPRECATED_OBJC_IMPLEMENTATIONS = YES;
				CLANG_WARN_DIRECT_OBJC_ISA_USAGE = YES_ERROR;
				CLANG_WARN_DOCUMENTATION_COMMENTS = YES;
				CLANG_WARN_EMPTY_BODY = YES;
				CLANG_WARN_ENUM_CONVERSION = YES;
				CLANG_WARN_INFINITE_RECURSION = YES;
				CLANG_WARN_INT_CONVERSION = YES;
				CLANG_WARN_NON_LITERAL_NULL_CONVERSION = YES;
				CLANG_WARN_OBJC_IMPLICIT_RETAIN_SELF = YES;
				CLANG_WARN_OBJC_LITERAL_CONVERSION = YES;
				CLANG_WARN_OBJC_ROOT_CLASS = YES_ERROR;
				CLANG_WARN_QUOTED_INCLUDE_IN_FRAMEWORK_HEADER = YES;
				CLANG_WARN_RANGE_LOOP_ANALYSIS = YES;
				CLANG_WARN_STRICT_PROTOTYPES = YES;
				CLANG_WARN_SUSPICIOUS_MOVE = YES;
				CLANG_WARN_UNGUARDED_AVAILABILITY = YES_AGGRESSIVE;
				CLANG_WARN_UNREACHABLE_CODE = YES;
				CLANG_WARN__DUPLICATE_METHOD_MATCH = YES;
				COPY_PHASE_STRIP = NO;
				DEBUG_INFORMATION_FORMAT = "dwarf-with-dsym";
				ENABLE_NS_ASSERTIONS = NO;
				ENABLE_STRICT_OBJC_MSGSEND = YES;
				GCC_C_LANGUAGE_STANDARD = gnu11;
				GCC_NO_COMMON_BLOCKS = YES;
				GCC_WARN_64_TO_32_BIT_CONVERSION = YES;
				GCC_WARN_ABOUT_RETURN_TYPE = YES_ERROR;
				GCC_WARN_UNDECLARED_SELECTOR = YES;
				GCC_WARN_UNINITIALIZED_AUTOS = YES_AGGRESSIVE;
				GCC_WARN_UNUSED_FUNCTION = YES;
				GCC_WARN_UNUSED_VARIABLE = YES;
				IPHONEOS_DEPLOYMENT_TARGET = 14.1;
				MTL_ENABLE_DEBUG_INFO = NO;
				MTL_FAST_MATH = YES;
				SDKROOT = iphoneos;
				SWIFT_COMPILATION_MODE = wholemodule;
				SWIFT_OPTIMIZATION_LEVEL = "-O";
				VALIDATE_PRODUCT = YES;
			};
			name = Release;
		};
		B20797E8255258BE008442BF /* Debug */ = {
			isa = XCBuildConfiguration;
			baseConfigurationReference = 594B3BF389B1905B11D7CBC6 /* Pods-ProjectSOLID.debug.xcconfig */;
			buildSettings = {
				ASSETCATALOG_COMPILER_APPICON_NAME = AppIcon;
				ASSETCATALOG_COMPILER_GLOBAL_ACCENT_COLOR_NAME = AccentColor;
				CODE_SIGN_STYLE = Automatic;
				DEVELOPMENT_ASSET_PATHS = "\"ProjectSOLID/Preview Content\"";
				DEVELOPMENT_TEAM = 685ZQ84J9B;
				ENABLE_PREVIEWS = YES;
				INFOPLIST_FILE = ProjectSOLID/Info.plist;
				LD_RUNPATH_SEARCH_PATHS = (
					"$(inherited)",
					"@executable_path/Frameworks",
				);
				PRODUCT_BUNDLE_IDENTIFIER = io.dotdynamics.johnkuan.ProjectSOLID;
				PRODUCT_NAME = "$(TARGET_NAME)";
				SWIFT_VERSION = 5.0;
				TARGETED_DEVICE_FAMILY = "1,2";
			};
			name = Debug;
		};
		B20797E9255258BE008442BF /* Release */ = {
			isa = XCBuildConfiguration;
			baseConfigurationReference = EF5546C6CB2CDA0645BED236 /* Pods-ProjectSOLID.release.xcconfig */;
			buildSettings = {
				ASSETCATALOG_COMPILER_APPICON_NAME = AppIcon;
				ASSETCATALOG_COMPILER_GLOBAL_ACCENT_COLOR_NAME = AccentColor;
				CODE_SIGN_STYLE = Automatic;
				DEVELOPMENT_ASSET_PATHS = "\"ProjectSOLID/Preview Content\"";
				DEVELOPMENT_TEAM = 685ZQ84J9B;
				ENABLE_PREVIEWS = YES;
				INFOPLIST_FILE = ProjectSOLID/Info.plist;
				LD_RUNPATH_SEARCH_PATHS = (
					"$(inherited)",
					"@executable_path/Frameworks",
				);
				PRODUCT_BUNDLE_IDENTIFIER = io.dotdynamics.johnkuan.ProjectSOLID;
				PRODUCT_NAME = "$(TARGET_NAME)";
				SWIFT_VERSION = 5.0;
				TARGETED_DEVICE_FAMILY = "1,2";
			};
			name = Release;
		};
		B20797EB255258BE008442BF /* Debug */ = {
			isa = XCBuildConfiguration;
			baseConfigurationReference = 9407F895FA787C42097509F8 /* Pods-ProjectSOLIDTests.debug.xcconfig */;
			buildSettings = {
				ALWAYS_EMBED_SWIFT_STANDARD_LIBRARIES = YES;
				BUNDLE_LOADER = "$(TEST_HOST)";
				CODE_SIGN_STYLE = Automatic;
				DEVELOPMENT_TEAM = 685ZQ84J9B;
				INFOPLIST_FILE = ProjectSOLIDTests/Info.plist;
				IPHONEOS_DEPLOYMENT_TARGET = 14.1;
				LD_RUNPATH_SEARCH_PATHS = (
					"$(inherited)",
					"@executable_path/Frameworks",
					"@loader_path/Frameworks",
				);
				PRODUCT_BUNDLE_IDENTIFIER = io.dotdynamics.johnkuan.ProjectSOLIDTests;
				PRODUCT_NAME = "$(TARGET_NAME)";
				SWIFT_VERSION = 5.0;
				TARGETED_DEVICE_FAMILY = "1,2";
				TEST_HOST = "$(BUILT_PRODUCTS_DIR)/ProjectSOLID.app/ProjectSOLID";
			};
			name = Debug;
		};
		B20797EC255258BE008442BF /* Release */ = {
			isa = XCBuildConfiguration;
			baseConfigurationReference = 77A74AF3AB765DE2F94AAD4E /* Pods-ProjectSOLIDTests.release.xcconfig */;
			buildSettings = {
				ALWAYS_EMBED_SWIFT_STANDARD_LIBRARIES = YES;
				BUNDLE_LOADER = "$(TEST_HOST)";
				CODE_SIGN_STYLE = Automatic;
				DEVELOPMENT_TEAM = 685ZQ84J9B;
				INFOPLIST_FILE = ProjectSOLIDTests/Info.plist;
				IPHONEOS_DEPLOYMENT_TARGET = 14.1;
				LD_RUNPATH_SEARCH_PATHS = (
					"$(inherited)",
					"@executable_path/Frameworks",
					"@loader_path/Frameworks",
				);
				PRODUCT_BUNDLE_IDENTIFIER = io.dotdynamics.johnkuan.ProjectSOLIDTests;
				PRODUCT_NAME = "$(TARGET_NAME)";
				SWIFT_VERSION = 5.0;
				TARGETED_DEVICE_FAMILY = "1,2";
				TEST_HOST = "$(BUILT_PRODUCTS_DIR)/ProjectSOLID.app/ProjectSOLID";
			};
			name = Release;
		};
		B20797EE255258BE008442BF /* Debug */ = {
			isa = XCBuildConfiguration;
			baseConfigurationReference = A69932D6F5BB2EEE3EADA31B /* Pods-ProjectSOLID-ProjectSOLIDUITests.debug.xcconfig */;
			buildSettings = {
				ALWAYS_EMBED_SWIFT_STANDARD_LIBRARIES = YES;
				CODE_SIGN_STYLE = Automatic;
				DEVELOPMENT_TEAM = 685ZQ84J9B;
				INFOPLIST_FILE = ProjectSOLIDUITests/Info.plist;
				LD_RUNPATH_SEARCH_PATHS = (
					"$(inherited)",
					"@executable_path/Frameworks",
					"@loader_path/Frameworks",
				);
				PRODUCT_BUNDLE_IDENTIFIER = io.dotdynamics.johnkuan.ProjectSOLIDUITests;
				PRODUCT_NAME = "$(TARGET_NAME)";
				SWIFT_VERSION = 5.0;
				TARGETED_DEVICE_FAMILY = "1,2";
				TEST_TARGET_NAME = ProjectSOLID;
			};
			name = Debug;
		};
		B20797EF255258BE008442BF /* Release */ = {
			isa = XCBuildConfiguration;
			baseConfigurationReference = B0D951711CAA1B91A6FAD42E /* Pods-ProjectSOLID-ProjectSOLIDUITests.release.xcconfig */;
			buildSettings = {
				ALWAYS_EMBED_SWIFT_STANDARD_LIBRARIES = YES;
				CODE_SIGN_STYLE = Automatic;
				DEVELOPMENT_TEAM = 685ZQ84J9B;
				INFOPLIST_FILE = ProjectSOLIDUITests/Info.plist;
				LD_RUNPATH_SEARCH_PATHS = (
					"$(inherited)",
					"@executable_path/Frameworks",
					"@loader_path/Frameworks",
				);
				PRODUCT_BUNDLE_IDENTIFIER = io.dotdynamics.johnkuan.ProjectSOLIDUITests;
				PRODUCT_NAME = "$(TARGET_NAME)";
				SWIFT_VERSION = 5.0;
				TARGETED_DEVICE_FAMILY = "1,2";
				TEST_TARGET_NAME = ProjectSOLID;
			};
			name = Release;
		};
/* End XCBuildConfiguration section */

/* Begin XCConfigurationList section */
		B20797B8255258BD008442BF /* Build configuration list for PBXProject "ProjectSOLID" */ = {
			isa = XCConfigurationList;
			buildConfigurations = (
				B20797E5255258BE008442BF /* Debug */,
				B20797E6255258BE008442BF /* Release */,
			);
			defaultConfigurationIsVisible = 0;
			defaultConfigurationName = Release;
		};
		B20797E7255258BE008442BF /* Build configuration list for PBXNativeTarget "ProjectSOLID" */ = {
			isa = XCConfigurationList;
			buildConfigurations = (
				B20797E8255258BE008442BF /* Debug */,
				B20797E9255258BE008442BF /* Release */,
			);
			defaultConfigurationIsVisible = 0;
			defaultConfigurationName = Release;
		};
		B20797EA255258BE008442BF /* Build configuration list for PBXNativeTarget "ProjectSOLIDTests" */ = {
			isa = XCConfigurationList;
			buildConfigurations = (
				B20797EB255258BE008442BF /* Debug */,
				B20797EC255258BE008442BF /* Release */,
			);
			defaultConfigurationIsVisible = 0;
			defaultConfigurationName = Release;
		};
		B20797ED255258BE008442BF /* Build configuration list for PBXNativeTarget "ProjectSOLIDUITests" */ = {
			isa = XCConfigurationList;
			buildConfigurations = (
				B20797EE255258BE008442BF /* Debug */,
				B20797EF255258BE008442BF /* Release */,
			);
			defaultConfigurationIsVisible = 0;
			defaultConfigurationName = Release;
		};
/* End XCConfigurationList section */
	};
	rootObject = B20797B5255258BD008442BF /* Project object */;
}
